
Microsoft Visual Studio Solution File, Format Version 12.00
# Visual Studio Version 16
VisualStudioVersion = 16.0.31105.61
MinimumVisualStudioVersion = 10.0.40219.1
Project("{FAE04EC0-301F-11D3-BF4B-00C04F79EFBC}") = "LinkedListJson", "LinkedListJson\LinkedListJson.csproj", "{A05B5FD7-59B5-431C-8BB2-91AD5FF68567}"
EndProject
Project("{FAE04EC0-301F-11D3-BF4B-00C04F79EFBC}") = "LinkedListJson.Test", "LinkedListJson.Test\LinkedListJson.Test.csproj", "{7620B770-AECE-4F90-8855-4F581BEE4E8C}"
EndProject
Global
	GlobalSection(SolutionConfigurationPlatforms) = preSolution
		Debug|Any CPU = Debug|Any CPU
		Release|Any CPU = Release|Any CPU
	EndGlobalSection
	GlobalSection(ProjectConfigurationPlatforms) = postSolution
		{A05B5FD7-59B5-431C-8BB2-91AD5FF68567}.Debug|Any CPU.ActiveCfg = Debug|Any CPU
		{A05B5FD7-59B5-431C-8BB2-91AD5FF68567}.Debug|Any CPU.Build.0 = Debug|Any CPU
		{A05B5FD7-59B5-431C-8BB2-91AD5FF68567}.Release|Any CPU.ActiveCfg = Release|Any CPU
		{A05B5FD7-59B5-431C-8BB2-91AD5FF68567}.Release|Any CPU.Build.0 = Release|Any CPU
		{7620B770-AECE-4F90-8855-4F581BEE4E8C}.Debug|Any CPU.ActiveCfg = Debug|Any CPU
		{7620B770-AECE-4F90-8855-4F581BEE4E8C}.Debug|Any CPU.Build.0 = Debug|Any CPU
		{7620B770-AECE-4F90-8855-4F581BEE4E8C}.Release|Any CPU.ActiveCfg = Release|Any CPU
		{7620B770-AECE-4F90-8855-4F581BEE4E8C}.Release|Any CPU.Build.0 = Release|Any CPU
	EndGlobalSection
	GlobalSection(SolutionProperties) = preSolution
		HideSolutionNode = FALSE
	EndGlobalSection
	GlobalSection(ExtensibilityGlobals) = postSolution
		SolutionGuid = {7298689E-EAE9-44D2-8645-3D79427BE3F5}
	EndGlobalSection
EndGlobal
